{
    "requires": true,
    "lockfileVersion": 1,
    "dependencies": {
        "flot": {
            "version": "4.2.2",
            "resolved": "https://registry.npmjs.org/flot/-/flot-4.2.2.tgz",
            "integrity": "sha512-Strct/A27o0TA25X7Z0pxKhwK4djiP1Kjeqj0tkiqrkRu1qYPqfbp5BYuxEL8CWDNtj85Uc0PnG2E2plo1+VMg=="
        }
    }
}
